
Microsoft Visual Studio Solution File, Format Version 12.00
# Visual Studio Version 16
VisualStudioVersion = 16.0.31702.278
MinimumVisualStudioVersion = 10.0.40219.1
Project("{FAE04EC0-301F-11D3-BF4B-00C04F79EFBC}") = "OwinAuthentication", "OwinAuthentication\OwinAuthentication.csproj", "{5EEBC65B-05CE-462F-9D49-2B93559367FC}"
EndProject
Project("{FAE04EC0-301F-11D3-BF4B-00C04F79EFBC}") = "OWINTest", "..\..\..\Downloads\OwinAuthentication\OWINTest\OWINTest.csproj", "{7E4E4948-59FE-4288-B14E-F79E07A30255}"
EndProject
Global
	GlobalSection(SolutionConfigurationPlatforms) = preSolution
		Debug|Any CPU = Debug|Any CPU
		Release|Any CPU = Release|Any CPU
	EndGlobalSection
	GlobalSection(ProjectConfigurationPlatforms) = postSolution
		{5EEBC65B-05CE-462F-9D49-2B93559367FC}.Debug|Any CPU.ActiveCfg = Debug|Any CPU
		{5EEBC65B-05CE-462F-9D49-2B93559367FC}.Debug|Any CPU.Build.0 = Debug|Any CPU
		{5EEBC65B-05CE-462F-9D49-2B93559367FC}.Release|Any CPU.ActiveCfg = Release|Any CPU
		{5EEBC65B-05CE-462F-9D49-2B93559367FC}.Release|Any CPU.Build.0 = Release|Any CPU
		{7E4E4948-59FE-4288-B14E-F79E07A30255}.Debug|Any CPU.ActiveCfg = Debug|Any CPU
		{7E4E4948-59FE-4288-B14E-F79E07A30255}.Debug|Any CPU.Build.0 = Debug|Any CPU
		{7E4E4948-59FE-4288-B14E-F79E07A30255}.Release|Any CPU.ActiveCfg = Release|Any CPU
		{7E4E4948-59FE-4288-B14E-F79E07A30255}.Release|Any CPU.Build.0 = Release|Any CPU
	EndGlobalSection
	GlobalSection(SolutionProperties) = preSolution
		HideSolutionNode = FALSE
	EndGlobalSection
	GlobalSection(ExtensibilityGlobals) = postSolution
		SolutionGuid = {2415B8E1-14C3-4256-BAAD-DCF7B7546B1A}
	EndGlobalSection
EndGlobal
